
Microsoft Visual Studio Solution File, Format Version 12.00
# Visual Studio Version 16
VisualStudioVersion = 16.0.29102.190
MinimumVisualStudioVersion = 10.0.40219.1
Project("{FAE04EC0-301F-11D3-BF4B-00C04F79EFBC}") = "STD.Windows.Winform", "STD.Windows.Winform\STD.Windows.Winform.csproj", "{EFA700A0-9BC7-4290-B2E7-DE5E52936F4F}"
EndProject
Project("{FAE04EC0-301F-11D3-BF4B-00C04F79EFBC}") = "STD.Windows.Console", "STD.Windows.Console\STD.Windows.Console.csproj", "{45790507-8A32-4BCA-91AC-062BDB2BE58B}"
EndProject
Project("{FAE04EC0-301F-11D3-BF4B-00C04F79EFBC}") = "STD.Windows.WPF", "STD.Windows.WPF\STD.Windows.WPF.csproj", "{6C4B633A-E1C0-4122-9E96-88F3282E7243}"
EndProject
Project("{FAE04EC0-301F-11D3-BF4B-00C04F79EFBC}") = "STD.Windows.Revit", "STD.Windows.Revit\STD.Windows.Revit.csproj", "{FB892C94-48FC-4EB3-9033-F6BCA1182B79}"
EndProject
Global
	GlobalSection(SolutionConfigurationPlatforms) = preSolution
		Debug|Any CPU = Debug|Any CPU
		Release|Any CPU = Release|Any CPU
	EndGlobalSection
	GlobalSection(ProjectConfigurationPlatforms) = postSolution
		{EFA700A0-9BC7-4290-B2E7-DE5E52936F4F}.Debug|Any CPU.ActiveCfg = Debug|Any CPU
		{EFA700A0-9BC7-4290-B2E7-DE5E52936F4F}.Debug|Any CPU.Build.0 = Debug|Any CPU
		{EFA700A0-9BC7-4290-B2E7-DE5E52936F4F}.Release|Any CPU.ActiveCfg = Release|Any CPU
		{EFA700A0-9BC7-4290-B2E7-DE5E52936F4F}.Release|Any CPU.Build.0 = Release|Any CPU
		{45790507-8A32-4BCA-91AC-062BDB2BE58B}.Debug|Any CPU.ActiveCfg = Debug|Any CPU
		{45790507-8A32-4BCA-91AC-062BDB2BE58B}.Debug|Any CPU.Build.0 = Debug|Any CPU
		{45790507-8A32-4BCA-91AC-062BDB2BE58B}.Release|Any CPU.ActiveCfg = Release|Any CPU
		{45790507-8A32-4BCA-91AC-062BDB2BE58B}.Release|Any CPU.Build.0 = Release|Any CPU
		{6C4B633A-E1C0-4122-9E96-88F3282E7243}.Debug|Any CPU.ActiveCfg = Debug|Any CPU
		{6C4B633A-E1C0-4122-9E96-88F3282E7243}.Debug|Any CPU.Build.0 = Debug|Any CPU
		{6C4B633A-E1C0-4122-9E96-88F3282E7243}.Release|Any CPU.ActiveCfg = Release|Any CPU
		{6C4B633A-E1C0-4122-9E96-88F3282E7243}.Release|Any CPU.Build.0 = Release|Any CPU
		{FB892C94-48FC-4EB3-9033-F6BCA1182B79}.Debug|Any CPU.ActiveCfg = Debug|Any CPU
		{FB892C94-48FC-4EB3-9033-F6BCA1182B79}.Debug|Any CPU.Build.0 = Debug|Any CPU
		{FB892C94-48FC-4EB3-9033-F6BCA1182B79}.Release|Any CPU.ActiveCfg = Release|Any CPU
		{FB892C94-48FC-4EB3-9033-F6BCA1182B79}.Release|Any CPU.Build.0 = Release|Any CPU
	EndGlobalSection
	GlobalSection(SolutionProperties) = preSolution
		HideSolutionNode = FALSE
	EndGlobalSection
	GlobalSection(ExtensibilityGlobals) = postSolution
		SolutionGuid = {7709D45F-D5A0-49DC-8D63-D90789A4BFA4}
	EndGlobalSection
EndGlobal
